<?xml version="1.0" encoding="utf-8"?>
<Project ToolsVersion="4.0" xmlns="http://schemas.microsoft.com/developer/msbuild/2003">
  <ItemGroup>
    <Filter Include="Resource Files">
      <UniqueIdentifier>{67DA6AB6-F800-4c08-8B7A-83BB121AAD01}</UniqueIdentifier>
      <Extensions>rc;ico;cur;bmp;dlg;rc2;rct;bin;rgs;gif;jpg;jpeg;jpe;resx;tiff;tif;png;wav;mfcribbon-ms</Extensions>
    </Filter>
    <Filter Include="Source">
      <UniqueIdentifier>{022c761a-832f-478b-a98f-d220448ad528}</UniqueIdentifier>
    </Filter>
    <Filter Include="Source\Common">
      <UniqueIdentifier>{b633c1c5-3db6-45eb-ae95-5271d2e1da5c}</UniqueIdentifier>
    </Filter>
  </ItemGroup>
  <ItemGroup>
    <Text Include="ReadMe.txt" />
  </ItemGroup>
  <ItemGroup>
    <ClInclude Include="stdafx.h">
      <Filter>Source</Filter>
    </ClInclude>
    <ClInclude Include="targetver.h">
      <Filter>Source</Filter>
    </ClInclude>
    <ClInclude Include="..\Common\GOBFile.h">
      <Filter>Source\Common</Filter>
    </ClInclude>
    <ClInclude Include="..\Common\CmdLine.h">
      <Filter>Source\Common</Filter>
    </ClInclude>
  </ItemGroup>
  <ItemGroup>
    <ClCompile Include="stdafx.cpp">
      <Filter>Source</Filter>
    </ClCompile>
    <ClCompile Include="GOB.cpp">
      <Filter>Source</Filter>
    </ClCompile>
  </ItemGroup>
</Project>